
Microsoft Visual Studio Solution File, Format Version 11.00
# Visual Studio 2010
Project("{8BC9CEB8-8B4A-11D0-8D11-00A0C91BC942}") = "Lotto", "Lotto\Lotto.vcxproj", "{3DBA9A66-1B86-4D54-A8B7-48646AA523AE}"
EndProject
Project("{54435603-DBB4-11D2-8724-00A0C9A8B90C}") = "LuckyNumbers", "LuckyNumbers\LuckyNumbers.vdproj", "{08C509B6-6269-4B84-B029-8F473C1C4309}"
EndProject
Global
	GlobalSection(SolutionConfigurationPlatforms) = preSolution
		Debug|Win32 = Debug|Win32
		Release|Win32 = Release|Win32
	EndGlobalSection
	GlobalSection(ProjectConfigurationPlatforms) = postSolution
		{3DBA9A66-1B86-4D54-A8B7-48646AA523AE}.Debug|Win32.ActiveCfg = Debug|Win32
		{3DBA9A66-1B86-4D54-A8B7-48646AA523AE}.Debug|Win32.Build.0 = Debug|Win32
		{3DBA9A66-1B86-4D54-A8B7-48646AA523AE}.Release|Win32.ActiveCfg = Release|Win32
		{3DBA9A66-1B86-4D54-A8B7-48646AA523AE}.Release|Win32.Build.0 = Release|Win32
		{08C509B6-6269-4B84-B029-8F473C1C4309}.Debug|Win32.ActiveCfg = Debug
		{08C509B6-6269-4B84-B029-8F473C1C4309}.Release|Win32.ActiveCfg = Release
	EndGlobalSection
	GlobalSection(SolutionProperties) = preSolution
		HideSolutionNode = FALSE
	EndGlobalSection
EndGlobal
